{
  "name": "fh-app",
  "version": "0.2.0",
  "dependencies": {
    "weinre": {
      "version": "2.0.0-pre-I0Z7U9OV",
      "from": "weinre@",
      "resolved": "https://registry.npmjs.org/weinre/-/weinre-2.0.0-pre-I0Z7U9OV.tgz",
      "dependencies": {
        "express": {
          "version": "2.5.11",
          "from": "express@2.5.x",
          "resolved": "https://registry.npmjs.org/express/-/express-2.5.11.tgz",
          "dependencies": {
            "connect": {
              "version": "1.9.2",
              "from": "connect@1.x",
              "resolved": "https://registry.npmjs.org/connect/-/connect-1.9.2.tgz",
              "dependencies": {
                "formidable": {
                  "version": "1.0.17",
                  "from": "formidable@1.0.x",
                  "resolved": "https://registry.npmjs.org/formidable/-/formidable-1.0.17.tgz"
                }
              }
            },
            "mime": {
              "version": "1.2.4",
              "from": "mime@1.2.4",
              "resolved": "https://registry.npmjs.org/mime/-/mime-1.2.4.tgz"
            },
            "qs": {
              "version": "0.4.2",
              "from": "qs@0.4.x",
              "resolved": "https://registry.npmjs.org/qs/-/qs-0.4.2.tgz"
            },
            "mkdirp": {
              "version": "0.3.0",
              "from": "mkdirp@0.3.0",
              "resolved": "https://registry.npmjs.org/mkdirp/-/mkdirp-0.3.0.tgz"
            }
          }
        },
        "nopt": {
          "version": "3.0.3",
          "from": "nopt@3.0.x",
          "resolved": "https://registry.npmjs.org/nopt/-/nopt-3.0.3.tgz",
          "dependencies": {
            "abbrev": {
              "version": "1.0.7",
              "from": "abbrev@1",
              "resolved": "https://registry.npmjs.org/abbrev/-/abbrev-1.0.7.tgz"
            }
          }
        },
        "underscore": {
          "version": "1.7.0",
          "from": "underscore@1.7.x",
          "resolved": "https://registry.npmjs.org/underscore/-/underscore-1.7.0.tgz"
        }
      }
    }
  }
}
